
Microsoft Visual Studio Solution File, Format Version 12.00
# Visual Studio Version 17
VisualStudioVersion = 17.12.35527.113
MinimumVisualStudioVersion = 10.0.40219.1
Project("{2150E333-8FDC-42A3-9474-1A3956D46DE8}") = "Core", "Core", "{527AB997-7199-40A7-987E-586AF8E60884}"
EndProject
Project("{2150E333-8FDC-42A3-9474-1A3956D46DE8}") = "Modules", "Modules", "{4B11CDA2-696D-44E4-8F0F-2F520C5FA1CB}"
EndProject
Project("{FAE04EC0-301F-11D3-BF4B-00C04F79EFBC}") = "YangOne.Core", "core\YangOne.Core\YangOne.Core.csproj", "{5C6B6E87-F0F2-44CB-928E-101608C73F6A}"
EndProject
Project("{FAE04EC0-301F-11D3-BF4B-00C04F79EFBC}") = "YangOne.Web", "core\YangOne.Web\YangOne.Web.csproj", "{23675A5E-AF9A-417A-8A71-5041EB3BAF76}"
EndProject
Project("{FAE04EC0-301F-11D3-BF4B-00C04F79EFBC}") = "YangOne.Data", "core\YangOne.Data\YangOne.Data.csproj", "{C5880507-2683-4EB1-9F3F-FCE350A3A21C}"
EndProject
Project("{2150E333-8FDC-42A3-9474-1A3956D46DE8}") = "Solution Items", "Solution Items", "{4BB2C6F8-F90D-4970-BA5B-FC0E0F40E433}"
	ProjectSection(SolutionItems) = preProject
		Dockerfile = Dockerfile
	EndProjectSection
EndProject
Project("{FAE04EC0-301F-11D3-BF4B-00C04F79EFBC}") = "YangOne.Identity", "core\YangOne.Identity\YangOne.Identity.csproj", "{9BBD824F-D4B2-AEB1-A825-CBB02D676791}"
EndProject
Project("{FAE04EC0-301F-11D3-BF4B-00C04F79EFBC}") = "YangOne.RTC.Core", "core\YangOne.RTC.Core\YangOne.RTC.Core.csproj", "{B79F4A9E-D4FB-4C36-293B-370B1F9204BB}"
EndProject
Project("{FAE04EC0-301F-11D3-BF4B-00C04F79EFBC}") = "YangOne.OTP", "core\YangOne.OTP\YangOne.OTP.csproj", "{C9F6F6BC-EF07-2B4F-6282-A5A1E6F4FC2B}"
EndProject
Project("{FAE04EC0-301F-11D3-BF4B-00C04F79EFBC}") = "YangOne.Widget", "core\YangOne.Widget\YangOne.Widget.csproj", "{E9C417EB-AE6D-6A1E-4CDF-74108C752C05}"
EndProject
Project("{2150E333-8FDC-42A3-9474-1A3956D46DE8}") = "Extensions", "Extensions", "{02EA681E-C7D8-13C7-8484-4AC65E1B71E8}"
EndProject
Project("{FAE04EC0-301F-11D3-BF4B-00C04F79EFBC}") = "YangOne.FCM", "modules\YangOne.FCM\YangOne.FCM.csproj", "{03F2F6D6-86D8-B1EE-EDC3-5F10FBD89C52}"
EndProject
Project("{FAE04EC0-301F-11D3-BF4B-00C04F79EFBC}") = "YangOne.Identity.Web", "modules\YangOne.Identity.Web\YangOne.Identity.Web.csproj", "{E793D6FC-7283-93EC-8DCA-A3454A8EDDBF}"
EndProject
Project("{FAE04EC0-301F-11D3-BF4B-00C04F79EFBC}") = "YangOne.IdentityServer", "modules\YangOne.IdentityServer\YangOne.IdentityServer.csproj", "{83431A1D-E83B-DC7F-675C-C43F1C56C81F}"
EndProject
Project("{FAE04EC0-301F-11D3-BF4B-00C04F79EFBC}") = "YangOne.Admin", "modules\YandOne.Admin\YangOne.Admin.csproj", "{ECD69D20-726A-4579-7908-4ECDDC42F9B7}"
EndProject
Project("{FAE04EC0-301F-11D3-BF4B-00C04F79EFBC}") = "YOApp", "App\YOApp\YOApp.csproj", "{54C1D46D-8293-3DA5-4C29-FAD190D54838}"
EndProject
Project("{FAE04EC0-301F-11D3-BF4B-00C04F79EFBC}") = "YangOne.BlogEngine", "modules\YangOne.BlogEngine\YangOne.BlogEngine.csproj", "{88408080-F16B-8EF5-30D2-54DFF965FE76}"
EndProject
Project("{2150E333-8FDC-42A3-9474-1A3956D46DE8}") = "Apps", "Apps", "{979444F3-E020-4D7D-87CB-6BDC31D44174}"
EndProject
Global
	GlobalSection(SolutionConfigurationPlatforms) = preSolution
		Debug|Any CPU = Debug|Any CPU
		Release|Any CPU = Release|Any CPU
	EndGlobalSection
	GlobalSection(ProjectConfigurationPlatforms) = postSolution
		{5C6B6E87-F0F2-44CB-928E-101608C73F6A}.Debug|Any CPU.ActiveCfg = Debug|Any CPU
		{5C6B6E87-F0F2-44CB-928E-101608C73F6A}.Debug|Any CPU.Build.0 = Debug|Any CPU
		{5C6B6E87-F0F2-44CB-928E-101608C73F6A}.Release|Any CPU.ActiveCfg = Release|Any CPU
		{5C6B6E87-F0F2-44CB-928E-101608C73F6A}.Release|Any CPU.Build.0 = Release|Any CPU
		{23675A5E-AF9A-417A-8A71-5041EB3BAF76}.Debug|Any CPU.ActiveCfg = Debug|Any CPU
		{23675A5E-AF9A-417A-8A71-5041EB3BAF76}.Debug|Any CPU.Build.0 = Debug|Any CPU
		{23675A5E-AF9A-417A-8A71-5041EB3BAF76}.Release|Any CPU.ActiveCfg = Release|Any CPU
		{23675A5E-AF9A-417A-8A71-5041EB3BAF76}.Release|Any CPU.Build.0 = Release|Any CPU
		{C5880507-2683-4EB1-9F3F-FCE350A3A21C}.Debug|Any CPU.ActiveCfg = Debug|Any CPU
		{C5880507-2683-4EB1-9F3F-FCE350A3A21C}.Debug|Any CPU.Build.0 = Debug|Any CPU
		{C5880507-2683-4EB1-9F3F-FCE350A3A21C}.Release|Any CPU.ActiveCfg = Release|Any CPU
		{C5880507-2683-4EB1-9F3F-FCE350A3A21C}.Release|Any CPU.Build.0 = Release|Any CPU
		{9BBD824F-D4B2-AEB1-A825-CBB02D676791}.Debug|Any CPU.ActiveCfg = Debug|Any CPU
		{9BBD824F-D4B2-AEB1-A825-CBB02D676791}.Debug|Any CPU.Build.0 = Debug|Any CPU
		{9BBD824F-D4B2-AEB1-A825-CBB02D676791}.Release|Any CPU.ActiveCfg = Release|Any CPU
		{9BBD824F-D4B2-AEB1-A825-CBB02D676791}.Release|Any CPU.Build.0 = Release|Any CPU
		{B79F4A9E-D4FB-4C36-293B-370B1F9204BB}.Debug|Any CPU.ActiveCfg = Debug|Any CPU
		{B79F4A9E-D4FB-4C36-293B-370B1F9204BB}.Debug|Any CPU.Build.0 = Debug|Any CPU
		{B79F4A9E-D4FB-4C36-293B-370B1F9204BB}.Release|Any CPU.ActiveCfg = Release|Any CPU
		{B79F4A9E-D4FB-4C36-293B-370B1F9204BB}.Release|Any CPU.Build.0 = Release|Any CPU
		{C9F6F6BC-EF07-2B4F-6282-A5A1E6F4FC2B}.Debug|Any CPU.ActiveCfg = Debug|Any CPU
		{C9F6F6BC-EF07-2B4F-6282-A5A1E6F4FC2B}.Debug|Any CPU.Build.0 = Debug|Any CPU
		{C9F6F6BC-EF07-2B4F-6282-A5A1E6F4FC2B}.Release|Any CPU.ActiveCfg = Release|Any CPU
		{C9F6F6BC-EF07-2B4F-6282-A5A1E6F4FC2B}.Release|Any CPU.Build.0 = Release|Any CPU
		{E9C417EB-AE6D-6A1E-4CDF-74108C752C05}.Debug|Any CPU.ActiveCfg = Debug|Any CPU
		{E9C417EB-AE6D-6A1E-4CDF-74108C752C05}.Debug|Any CPU.Build.0 = Debug|Any CPU
		{E9C417EB-AE6D-6A1E-4CDF-74108C752C05}.Release|Any CPU.ActiveCfg = Release|Any CPU
		{E9C417EB-AE6D-6A1E-4CDF-74108C752C05}.Release|Any CPU.Build.0 = Release|Any CPU
		{03F2F6D6-86D8-B1EE-EDC3-5F10FBD89C52}.Debug|Any CPU.ActiveCfg = Debug|Any CPU
		{03F2F6D6-86D8-B1EE-EDC3-5F10FBD89C52}.Debug|Any CPU.Build.0 = Debug|Any CPU
		{03F2F6D6-86D8-B1EE-EDC3-5F10FBD89C52}.Release|Any CPU.ActiveCfg = Release|Any CPU
		{03F2F6D6-86D8-B1EE-EDC3-5F10FBD89C52}.Release|Any CPU.Build.0 = Release|Any CPU
		{E793D6FC-7283-93EC-8DCA-A3454A8EDDBF}.Debug|Any CPU.ActiveCfg = Debug|Any CPU
		{E793D6FC-7283-93EC-8DCA-A3454A8EDDBF}.Debug|Any CPU.Build.0 = Debug|Any CPU
		{E793D6FC-7283-93EC-8DCA-A3454A8EDDBF}.Release|Any CPU.ActiveCfg = Release|Any CPU
		{E793D6FC-7283-93EC-8DCA-A3454A8EDDBF}.Release|Any CPU.Build.0 = Release|Any CPU
		{83431A1D-E83B-DC7F-675C-C43F1C56C81F}.Debug|Any CPU.ActiveCfg = Debug|Any CPU
		{83431A1D-E83B-DC7F-675C-C43F1C56C81F}.Debug|Any CPU.Build.0 = Debug|Any CPU
		{83431A1D-E83B-DC7F-675C-C43F1C56C81F}.Release|Any CPU.ActiveCfg = Release|Any CPU
		{83431A1D-E83B-DC7F-675C-C43F1C56C81F}.Release|Any CPU.Build.0 = Release|Any CPU
		{ECD69D20-726A-4579-7908-4ECDDC42F9B7}.Debug|Any CPU.ActiveCfg = Debug|Any CPU
		{ECD69D20-726A-4579-7908-4ECDDC42F9B7}.Debug|Any CPU.Build.0 = Debug|Any CPU
		{ECD69D20-726A-4579-7908-4ECDDC42F9B7}.Release|Any CPU.ActiveCfg = Release|Any CPU
		{ECD69D20-726A-4579-7908-4ECDDC42F9B7}.Release|Any CPU.Build.0 = Release|Any CPU
		{54C1D46D-8293-3DA5-4C29-FAD190D54838}.Debug|Any CPU.ActiveCfg = Debug|Any CPU
		{54C1D46D-8293-3DA5-4C29-FAD190D54838}.Debug|Any CPU.Build.0 = Debug|Any CPU
		{54C1D46D-8293-3DA5-4C29-FAD190D54838}.Release|Any CPU.ActiveCfg = Release|Any CPU
		{54C1D46D-8293-3DA5-4C29-FAD190D54838}.Release|Any CPU.Build.0 = Release|Any CPU
		{88408080-F16B-8EF5-30D2-54DFF965FE76}.Debug|Any CPU.ActiveCfg = Debug|Any CPU
		{88408080-F16B-8EF5-30D2-54DFF965FE76}.Debug|Any CPU.Build.0 = Debug|Any CPU
		{88408080-F16B-8EF5-30D2-54DFF965FE76}.Release|Any CPU.ActiveCfg = Release|Any CPU
		{88408080-F16B-8EF5-30D2-54DFF965FE76}.Release|Any CPU.Build.0 = Release|Any CPU
	EndGlobalSection
	GlobalSection(SolutionProperties) = preSolution
		HideSolutionNode = FALSE
	EndGlobalSection
	GlobalSection(NestedProjects) = preSolution
		{5C6B6E87-F0F2-44CB-928E-101608C73F6A} = {527AB997-7199-40A7-987E-586AF8E60884}
		{23675A5E-AF9A-417A-8A71-5041EB3BAF76} = {527AB997-7199-40A7-987E-586AF8E60884}
		{C5880507-2683-4EB1-9F3F-FCE350A3A21C} = {527AB997-7199-40A7-987E-586AF8E60884}
		{9BBD824F-D4B2-AEB1-A825-CBB02D676791} = {527AB997-7199-40A7-987E-586AF8E60884}
		{B79F4A9E-D4FB-4C36-293B-370B1F9204BB} = {02EA681E-C7D8-13C7-8484-4AC65E1B71E8}
		{C9F6F6BC-EF07-2B4F-6282-A5A1E6F4FC2B} = {02EA681E-C7D8-13C7-8484-4AC65E1B71E8}
		{E9C417EB-AE6D-6A1E-4CDF-74108C752C05} = {02EA681E-C7D8-13C7-8484-4AC65E1B71E8}
		{02EA681E-C7D8-13C7-8484-4AC65E1B71E8} = {527AB997-7199-40A7-987E-586AF8E60884}
		{03F2F6D6-86D8-B1EE-EDC3-5F10FBD89C52} = {4B11CDA2-696D-44E4-8F0F-2F520C5FA1CB}
		{E793D6FC-7283-93EC-8DCA-A3454A8EDDBF} = {4B11CDA2-696D-44E4-8F0F-2F520C5FA1CB}
		{83431A1D-E83B-DC7F-675C-C43F1C56C81F} = {4B11CDA2-696D-44E4-8F0F-2F520C5FA1CB}
		{ECD69D20-726A-4579-7908-4ECDDC42F9B7} = {4B11CDA2-696D-44E4-8F0F-2F520C5FA1CB}
		{54C1D46D-8293-3DA5-4C29-FAD190D54838} = {979444F3-E020-4D7D-87CB-6BDC31D44174}
		{88408080-F16B-8EF5-30D2-54DFF965FE76} = {4B11CDA2-696D-44E4-8F0F-2F520C5FA1CB}
	EndGlobalSection
	GlobalSection(ExtensibilityGlobals) = postSolution
		SolutionGuid = {0B5FAE89-15B1-469B-B5BF-4841C87C8DF9}
	EndGlobalSection
EndGlobal
